
Microsoft Visual Studio Solution File, Format Version 12.00
# Visual Studio Version 17
VisualStudioVersion = 17.7.34024.191
MinimumVisualStudioVersion = 10.0.40219.1
Project("{FAE04EC0-301F-11D3-BF4B-00C04F79EFBC}") = "GBastos.CRUD_React_API", "GBastos.CRUD_React_API.csproj", "{9E44FE44-3642-4F6C-A696-F0CE9F46A03E}"
EndProject
Global
	GlobalSection(SolutionConfigurationPlatforms) = preSolution
		Debug|Any CPU = Debug|Any CPU
		Release|Any CPU = Release|Any CPU
	EndGlobalSection
	GlobalSection(ProjectConfigurationPlatforms) = postSolution
		{9E44FE44-3642-4F6C-A696-F0CE9F46A03E}.Debug|Any CPU.ActiveCfg = Debug|Any CPU
		{9E44FE44-3642-4F6C-A696-F0CE9F46A03E}.Debug|Any CPU.Build.0 = Debug|Any CPU
		{9E44FE44-3642-4F6C-A696-F0CE9F46A03E}.Release|Any CPU.ActiveCfg = Release|Any CPU
		{9E44FE44-3642-4F6C-A696-F0CE9F46A03E}.Release|Any CPU.Build.0 = Release|Any CPU
	EndGlobalSection
	GlobalSection(SolutionProperties) = preSolution
		HideSolutionNode = FALSE
	EndGlobalSection
	GlobalSection(ExtensibilityGlobals) = postSolution
		SolutionGuid = {9942A334-D389-4E0F-A134-3D9B6AEED6D4}
	EndGlobalSection
EndGlobal
